<?xml version="1.0" encoding="utf-8"?>
<Project ToolsVersion="4.0" xmlns="http://schemas.microsoft.com/developer/msbuild/2003">
  <ItemGroup>
    <Filter Include="Form Files">
      <UniqueIdentifier>{99349809-55BA-4b9d-BF79-8FDBB0286EB3}</UniqueIdentifier>
      <Extensions>ui</Extensions>
    </Filter>
    <Filter Include="Generated Files">
      <UniqueIdentifier>{71ED8ED8-ACB9-4CE9-BBE1-E00B30144E11}</UniqueIdentifier>
      <Extensions>moc;h;cpp</Extensions>
      <SourceControlFiles>False</SourceControlFiles>
    </Filter>
    <Filter Include="Generated Files\Debug">
      <UniqueIdentifier>{bc3be016-cd91-4f1f-bcdc-4b000ac33126}</UniqueIdentifier>
      <Extensions>cpp;moc</Extensions>
      <SourceControlFiles>False</SourceControlFiles>
    </Filter>
    <Filter Include="Generated Files\Release">
      <UniqueIdentifier>{7e760af3-de35-4bdc-84b2-3c890abb51d4}</UniqueIdentifier>
      <Extensions>cpp;moc</Extensions>
      <SourceControlFiles>False</SourceControlFiles>
    </Filter>
    <Filter Include="data">
      <UniqueIdentifier>{58cfff36-45f6-48d5-8c3f-60dbd56bf285}</UniqueIdentifier>
    </Filter>
    <Filter Include="Source Files">
      <UniqueIdentifier>{4FC737F1-C7A5-4376-A066-2A32D752A2FF}</UniqueIdentifier>
      <Extensions>cpp;cxx;c;def</Extensions>
      <ParseFiles>true</ParseFiles>
    </Filter>
    <Filter Include="editdb">
      <UniqueIdentifier>{73e5ce19-5528-41c1-b2ee-347611ba7abf}</UniqueIdentifier>
    </Filter>
    <Filter Include="more">
      <UniqueIdentifier>{888042e8-77a7-47d2-ab02-a3ff8fd40050}</UniqueIdentifier>
    </Filter>
  </ItemGroup>
  <ItemGroup>
    <ClCompile Include="GeneratedFiles\Debug\moc_infoco.cpp">
      <Filter>Generated Files\Debug</Filter>
    </ClCompile>
    <ClCompile Include="GeneratedFiles\Release\moc_infoco.cpp">
      <Filter>Generated Files\Release</Filter>
    </ClCompile>
    <ClCompile Include="GeneratedFiles\qrc_infoco.cpp">
      <Filter>Generated Files</Filter>
    </ClCompile>
    <ClCompile Include="infoco.cpp" />
    <ClCompile Include="CalcEx.cpp" />
    <ClCompile Include="GeneratedFiles\Debug\moc_CalcEx.cpp">
      <Filter>Generated Files\Debug</Filter>
    </ClCompile>
    <ClCompile Include="GeneratedFiles\Release\moc_CalcEx.cpp">
      <Filter>Generated Files\Release</Filter>
    </ClCompile>
    <ClCompile Include="List.cpp" />
    <ClCompile Include="GeneratedFiles\Debug\moc_List.cpp">
      <Filter>Generated Files\Debug</Filter>
    </ClCompile>
    <ClCompile Include="GeneratedFiles\Release\moc_List.cpp">
      <Filter>Generated Files\Release</Filter>
    </ClCompile>
    <ClCompile Include="main.cpp">
      <Filter>Source Files</Filter>
    </ClCompile>
    <ClCompile Include="Maps.cpp" />
    <ClCompile Include="GeneratedFiles\Debug\moc_Maps.cpp">
      <Filter>Generated Files\Debug</Filter>
    </ClCompile>
    <ClCompile Include="GeneratedFiles\Release\moc_Maps.cpp">
      <Filter>Generated Files\Release</Filter>
    </ClCompile>
    <ClCompile Include="quest.cpp" />
    <ClCompile Include="GeneratedFiles\Debug\moc_quest.cpp">
      <Filter>Generated Files\Debug</Filter>
    </ClCompile>
    <ClCompile Include="GeneratedFiles\Release\moc_quest.cpp">
      <Filter>Generated Files\Release</Filter>
    </ClCompile>
    <ClCompile Include="SqlliteDB.cpp">
      <Filter>data</Filter>
    </ClCompile>
    <ClCompile Include="miniNotebook.cpp" />
    <ClCompile Include="GeneratedFiles\Debug\moc_miniNotebook.cpp">
      <Filter>Generated Files\Debug</Filter>
    </ClCompile>
    <ClCompile Include="GeneratedFiles\Release\moc_miniNotebook.cpp">
      <Filter>Generated Files\Release</Filter>
    </ClCompile>
    <ClCompile Include="GeneratedFiles\Debug\moc_GoalMaps.cpp">
      <Filter>Generated Files\Debug</Filter>
    </ClCompile>
    <ClCompile Include="GeneratedFiles\Release\moc_GoalMaps.cpp">
      <Filter>Generated Files\Release</Filter>
    </ClCompile>
    <ClCompile Include="InfoProgram.cpp" />
    <ClCompile Include="GeneratedFiles\Debug\moc_InfoProgram.cpp">
      <Filter>Generated Files\Debug</Filter>
    </ClCompile>
    <ClCompile Include="GeneratedFiles\Release\moc_InfoProgram.cpp">
      <Filter>Generated Files\Release</Filter>
    </ClCompile>
    <ClCompile Include="EditQuest.cpp">
      <Filter>editdb</Filter>
    </ClCompile>
    <ClCompile Include="GeneratedFiles\Debug\moc_EditQuest.cpp">
      <Filter>Generated Files\Debug</Filter>
    </ClCompile>
    <ClCompile Include="GeneratedFiles\Release\moc_EditQuest.cpp">
      <Filter>Generated Files\Release</Filter>
    </ClCompile>
    <ClCompile Include="GoalMaps.cpp">
      <Filter>more</Filter>
    </ClCompile>
    <ClCompile Include="MapsGeometry.cpp">
      <Filter>more</Filter>
    </ClCompile>
    <ClCompile Include="GeneratedFiles\Debug\moc_SceneGeometry.cpp">
      <Filter>Generated Files\Debug</Filter>
    </ClCompile>
    <ClCompile Include="GeneratedFiles\Release\moc_SceneGeometry.cpp">
      <Filter>Generated Files\Release</Filter>
    </ClCompile>
    <ClCompile Include="GeneratedFiles\Debug\moc_MapsGeometry.cpp">
      <Filter>Generated Files\Debug</Filter>
    </ClCompile>
    <ClCompile Include="GeneratedFiles\Release\moc_MapsGeometry.cpp">
      <Filter>Generated Files\Release</Filter>
    </ClCompile>
    <ClCompile Include="SceneGeometry.cpp">
      <Filter>more</Filter>
    </ClCompile>
  </ItemGroup>
  <ItemGroup>
    <CustomBuild Include="infoco.ui">
      <Filter>Form Files</Filter>
    </CustomBuild>
    <CustomBuild Include="infoco.h" />
    <CustomBuild Include="infoco.qrc">
      <Filter>Form Files</Filter>
    </CustomBuild>
    <CustomBuild Include="FormCalcEx.ui">
      <Filter>Form Files</Filter>
    </CustomBuild>
    <CustomBuild Include="CalcEx.h" />
    <CustomBuild Include="list.ui">
      <Filter>Form Files</Filter>
    </CustomBuild>
    <CustomBuild Include="List.h" />
    <CustomBuild Include="maps.ui">
      <Filter>Form Files</Filter>
    </CustomBuild>
    <CustomBuild Include="Maps.h" />
    <CustomBuild Include="quest.ui">
      <Filter>Form Files</Filter>
    </CustomBuild>
    <CustomBuild Include="quest.h" />
    <CustomBuild Include="miniNotebook.ui">
      <Filter>Form Files</Filter>
    </CustomBuild>
    <CustomBuild Include="miniNotebook.h" />
    <CustomBuild Include="GoalMaps.ui">
      <Filter>Form Files</Filter>
    </CustomBuild>
    <CustomBuild Include="InfoProgram.ui">
      <Filter>Form Files</Filter>
    </CustomBuild>
    <CustomBuild Include="InfoProgram.h" />
    <CustomBuild Include="EditQuest.ui">
      <Filter>Form Files</Filter>
    </CustomBuild>
    <CustomBuild Include="EditQuest.h">
      <Filter>editdb</Filter>
    </CustomBuild>
    <CustomBuild Include="MapsGeometry.ui">
      <Filter>Form Files</Filter>
    </CustomBuild>
    <CustomBuild Include="GoalMaps.h">
      <Filter>more</Filter>
    </CustomBuild>
    <CustomBuild Include="SceneGeometry.h">
      <Filter>more</Filter>
    </CustomBuild>
    <CustomBuild Include="MapsGeometry.h">
      <Filter>more</Filter>
    </CustomBuild>
  </ItemGroup>
  <ItemGroup>
    <ClInclude Include="GeneratedFiles\ui_infoco.h">
      <Filter>Generated Files</Filter>
    </ClInclude>
    <ClInclude Include="GeneratedFiles\ui_FormCalcEx.h">
      <Filter>Generated Files</Filter>
    </ClInclude>
    <ClInclude Include="GeneratedFiles\ui_list.h">
      <Filter>Generated Files</Filter>
    </ClInclude>
    <ClInclude Include="resource.h">
      <Filter>Generated Files</Filter>
    </ClInclude>
    <ClInclude Include="GeneratedFiles\ui_maps.h">
      <Filter>Generated Files</Filter>
    </ClInclude>
    <ClInclude Include="GeneratedFiles\ui_quest.h">
      <Filter>Generated Files</Filter>
    </ClInclude>
    <ClInclude Include="SqlliteDB.h">
      <Filter>data</Filter>
    </ClInclude>
    <ClInclude Include="GeneratedFiles\ui_miniNotebook.h">
      <Filter>Generated Files</Filter>
    </ClInclude>
    <ClInclude Include="GeneratedFiles\ui_GoalMaps.h">
      <Filter>Generated Files</Filter>
    </ClInclude>
    <ClInclude Include="GeneratedFiles\ui_InfoProgram.h">
      <Filter>Generated Files</Filter>
    </ClInclude>
    <ClInclude Include="GeneratedFiles\ui_EditQuest.h">
      <Filter>Generated Files</Filter>
    </ClInclude>
    <ClInclude Include="GeneratedFiles\ui_MapsGeometry.h">
      <Filter>Generated Files</Filter>
    </ClInclude>
  </ItemGroup>
  <ItemGroup>
    <None Include="infoco.ico">
      <Filter>Form Files</Filter>
    </None>
  </ItemGroup>
  <ItemGroup>
    <ResourceCompile Include="InfoCO.rc">
      <Filter>Form Files</Filter>
    </ResourceCompile>
  </ItemGroup>
</Project>